{
  "requires": true,
  "lockfileVersion": 1,
  "dependencies": {
    "@angular/animations": {
      "version": "12.1.1",
      "resolved": "https://registry.npmjs.org/@angular/animations/-/animations-12.1.1.tgz",
      "integrity": "sha512-79TfDx1AAxrVNM56oY+OwRpku9eCF6w3ko2DWDeQpgCvqM6/a53B5rPhz6yuwgadIqUdQH0T4CeE/v5hXYdOMA==",
      "requires": {
        "tslib": "^2.2.0"
      }
    },
    "ngx-toastr": {
      "version": "14.0.0",
      "resolved": "https://registry.npmjs.org/ngx-toastr/-/ngx-toastr-14.0.0.tgz",
      "integrity": "sha512-dnDzSY73pF6FvNyxdh6ftfvXvUg6SU7MAT3orPUCzA77t3ZcFslro06zk4NCA2g67RF7dBwM0OJ/y0SN6fdGYw==",
      "requires": {
        "tslib": "^2.1.0"
      }
    },
    "rxjs": {
      "version": "7.2.0",
      "resolved": "https://registry.npmjs.org/rxjs/-/rxjs-7.2.0.tgz",
      "integrity": "sha512-aX8w9OpKrQmiPKfT1bqETtUr9JygIz6GZ+gql8v7CijClsP0laoFUdKzxFAoWuRdSlOdU2+crss+cMf+cqMTnw==",
      "requires": {
        "tslib": "~2.1.0"
      },
      "dependencies": {
        "tslib": {
          "version": "2.1.0",
          "resolved": "https://registry.npmjs.org/tslib/-/tslib-2.1.0.tgz",
          "integrity": "sha512-hcVC3wYEziELGGmEEXue7D75zbwIIVUMWAVbHItGPx0ziyXxrOMQx4rQEVEV45Ut/1IotuEvwqPopzIOkDMf0A=="
        }
      }
    },
    "tslib": {
      "version": "2.3.0",
      "resolved": "https://registry.npmjs.org/tslib/-/tslib-2.3.0.tgz",
      "integrity": "sha512-N82ooyxVNm6h1riLCoyS9e3fuJ3AMG2zIZs2Gd1ATcSFjSA23Q0fzjjZeh0jbJvWVDZ0cJT8yaNNaaXHzueNjg=="
    }
  }
}
